// !$*UTF8*$!
{
	archiveVersion = 1;
	classes = {
	};
	objectVersion = 51;
	objects = {

/* Begin PBXBuildFile section */
		5AAF387E8849555F0BBB8006 /* Pods_Score1031.framework in Frameworks */ = {isa = PBXBuildFile; fileRef = 01D18C8DA08D01B06A0E91E2 /* Pods_Score1031.framework */; };
		F500DA67250732BA003E60F3 /* AddBetView.swift in Sources */ = {isa = PBXBuildFile; fileRef = F500DA66250732BA003E60F3 /* AddBetView.swift */; };
		F500DA6925074C3F003E60F3 /* BetRecord.swift in Sources */ = {isa = PBXBuildFile; fileRef = F500DA6825074C3F003E60F3 /* BetRecord.swift */; };
		F500DA6B25075F60003E60F3 /* BetLoader.swift in Sources */ = {isa = PBXBuildFile; fileRef = F500DA6A25075F60003E60F3 /* BetLoader.swift */; };
		F500DA6D25089247003E60F3 /* BetsHomeView.swift in Sources */ = {isa = PBXBuildFile; fileRef = F500DA6C25089247003E60F3 /* BetsHomeView.swift */; };
		F50762E424B438AD00676F9C /* ChangePlayersView.swift in Sources */ = {isa = PBXBuildFile; fileRef = F50762E324B438AD00676F9C /* ChangePlayersView.swift */; };
		F50762E624BC244600676F9C /* RecordViewModel.swift in Sources */ = {isa = PBXBuildFile; fileRef = F50762E524BC244600676F9C /* RecordViewModel.swift */; };
		F50762EC24C01D0100676F9C /* Functions.swift in Sources */ = {isa = PBXBuildFile; fileRef = F50762EB24C01D0100676F9C /* Functions.swift */; };
		F508FB60244EA96A001C5C24 /* Recordline.swift in Sources */ = {isa = PBXBuildFile; fileRef = F508FB5F244EA96A001C5C24 /* Recordline.swift */; };
		F508FB6424501144001C5C24 /* HistoryView.swift in Sources */ = {isa = PBXBuildFile; fileRef = F508FB6324501144001C5C24 /* HistoryView.swift */; };
		F51C7A3623D4EB6300540B25 /* NameAndScore.swift in Sources */ = {isa = PBXBuildFile; fileRef = F51C7A3523D4EB6300540B25 /* NameAndScore.swift */; };
		F51EE72223F12D9D0030B17C /* Score1031.xcdatamodeld in Sources */ = {isa = PBXBuildFile; fileRef = F51EE72023F12D9D0030B17C /* Score1031.xcdatamodeld */; };
		F53BDFD0236B44CC00C3E203 /* AppDelegate.swift in Sources */ = {isa = PBXBuildFile; fileRef = F53BDFCF236B44CC00C3E203 /* AppDelegate.swift */; };
		F53BDFD2236B44CC00C3E203 /* SceneDelegate.swift in Sources */ = {isa = PBXBuildFile; fileRef = F53BDFD1236B44CC00C3E203 /* SceneDelegate.swift */; };
		F53BDFD6236B44CF00C3E203 /* Assets.xcassets in Resources */ = {isa = PBXBuildFile; fileRef = F53BDFD5236B44CF00C3E203 /* Assets.xcassets */; };
		F53BDFD9236B44CF00C3E203 /* Preview Assets.xcassets in Resources */ = {isa = PBXBuildFile; fileRef = F53BDFD8236B44CF00C3E203 /* Preview Assets.xcassets */; };
		F53BDFDC236B44CF00C3E203 /* LaunchScreen.storyboard in Resources */ = {isa = PBXBuildFile; fileRef = F53BDFDA236B44CF00C3E203 /* LaunchScreen.storyboard */; };
		F53BE01B2384482700C3E203 /* UserData.swift in Sources */ = {isa = PBXBuildFile; fileRef = F53BE01A2384482700C3E203 /* UserData.swift */; };
		F541995824EA3D6A00BF54EC /* NameEmojiRowView.swift in Sources */ = {isa = PBXBuildFile; fileRef = F541995724EA3D6A00BF54EC /* NameEmojiRowView.swift */; };
		F5441EB624F701BB00F8DBDF /* Neumorphic.swift in Sources */ = {isa = PBXBuildFile; fileRef = F5441EB524F701BB00F8DBDF /* Neumorphic.swift */; };
		F5441EB824F7091900F8DBDF /* HistorySnapView.swift in Sources */ = {isa = PBXBuildFile; fileRef = F5441EB724F7091900F8DBDF /* HistorySnapView.swift */; };
		F5441EBA24F8726900F8DBDF /* RecordSnapViewModel.swift in Sources */ = {isa = PBXBuildFile; fileRef = F5441EB924F8726900F8DBDF /* RecordSnapViewModel.swift */; };
		F5441EBC24F9047800F8DBDF /* KeyboardResponder.swift in Sources */ = {isa = PBXBuildFile; fileRef = F5441EBB24F9047800F8DBDF /* KeyboardResponder.swift */; };
		F5441EBE24FAFAB700F8DBDF /* AddNewPlayerView.swift in Sources */ = {isa = PBXBuildFile; fileRef = F5441EBD24FAFAB700F8DBDF /* AddNewPlayerView.swift */; };
		F55DABD624EBB9090078452F /* SplashView.swift in Sources */ = {isa = PBXBuildFile; fileRef = F55DABD524EBB9090078452F /* SplashView.swift */; };
		F55DABD824EF3B9B0078452F /* TabBarView.swift in Sources */ = {isa = PBXBuildFile; fileRef = F55DABD724EF3B9B0078452F /* TabBarView.swift */; };
		F55DABDA24EFAF880078452F /* AppState.swift in Sources */ = {isa = PBXBuildFile; fileRef = F55DABD924EFAF880078452F /* AppState.swift */; };
		F56E71922493505C007E8FF5 /* ContentView.swift in Sources */ = {isa = PBXBuildFile; fileRef = F56E71912493505C007E8FF5 /* ContentView.swift */; };
		F59129502420368F0071E1D3 /* SelectViewModel.swift in Sources */ = {isa = PBXBuildFile; fileRef = F591294F2420368F0071E1D3 /* SelectViewModel.swift */; };
		F5BA924724E75A6900CA3519 /* EditModeView.swift in Sources */ = {isa = PBXBuildFile; fileRef = F5BA924624E75A6900CA3519 /* EditModeView.swift */; };
		F5CD3140250DD30F00B67510 /* BetViewModel.swift in Sources */ = {isa = PBXBuildFile; fileRef = F5CD313F250DD30F00B67510 /* BetViewModel.swift */; };
		F5CD3142250EB6B500B67510 /* BetAssignResultView.swift in Sources */ = {isa = PBXBuildFile; fileRef = F5CD3141250EB6B500B67510 /* BetAssignResultView.swift */; };
		F5D7FC6B24D0E7F7006BFC4A /* APILoader.swift in Sources */ = {isa = PBXBuildFile; fileRef = F5D7FC6A24D0E7F7006BFC4A /* APILoader.swift */; };
		F5D7FC6F24D94087006BFC4A /* SigninWithAppleButton.swift in Sources */ = {isa = PBXBuildFile; fileRef = F5D7FC6E24D94087006BFC4A /* SigninWithAppleButton.swift */; };
		F5D7FC7524D942A6006BFC4A /* SignInView.swift in Sources */ = {isa = PBXBuildFile; fileRef = F5D7FC7424D942A6006BFC4A /* SignInView.swift */; };
		F5D7FC7A24D9CEF4006BFC4A /* SigninWithAppleCoodinator.swift in Sources */ = {isa = PBXBuildFile; fileRef = F5D7FC7924D9CEF4006BFC4A /* SigninWithAppleCoodinator.swift */; };
		F5F02578244427A20038A4FB /* GoogleService-Info.plist in Resources */ = {isa = PBXBuildFile; fileRef = F5F02577244427A20038A4FB /* GoogleService-Info.plist */; };
/* End PBXBuildFile section */

/* Begin PBXFileReference section */
		01D18C8DA08D01B06A0E91E2 /* Pods_Score1031.framework */ = {isa = PBXFileReference; explicitFileType = wrapper.framework; includeInIndex = 0; path = Pods_Score1031.framework; sourceTree = BUILT_PRODUCTS_DIR; };
		0C286CC72021282DB2177955 /* Pods-Score1031.release.xcconfig */ = {isa = PBXFileReference; includeInIndex = 1; lastKnownFileType = text.xcconfig; name = "Pods-Score1031.release.xcconfig"; path = "Target Support Files/Pods-Score1031/Pods-Score1031.release.xcconfig"; sourceTree = "<group>"; };
		20FA246B4855C4B139F8EDF9 /* Pods-Score1031.debug.xcconfig */ = {isa = PBXFileReference; includeInIndex = 1; lastKnownFileType = text.xcconfig; name = "Pods-Score1031.debug.xcconfig"; path = "Target Support Files/Pods-Score1031/Pods-Score1031.debug.xcconfig"; sourceTree = "<group>"; };
		F500DA66250732BA003E60F3 /* AddBetView.swift */ = {isa = PBXFileReference; lastKnownFileType = sourcecode.swift; path = AddBetView.swift; sourceTree = "<group>"; };
		F500DA6825074C3F003E60F3 /* BetRecord.swift */ = {isa = PBXFileReference; lastKnownFileType = sourcecode.swift; path = BetRecord.swift; sourceTree = "<group>"; };
		F500DA6A25075F60003E60F3 /* BetLoader.swift */ = {isa = PBXFileReference; lastKnownFileType = sourcecode.swift; path = BetLoader.swift; sourceTree = "<group>"; };
		F500DA6C25089247003E60F3 /* BetsHomeView.swift */ = {isa = PBXFileReference; lastKnownFileType = sourcecode.swift; path = BetsHomeView.swift; sourceTree = "<group>"; };
		F50762E324B438AD00676F9C /* ChangePlayersView.swift */ = {isa = PBXFileReference; lastKnownFileType = sourcecode.swift; path = ChangePlayersView.swift; sourceTree = "<group>"; };
		F50762E524BC244600676F9C /* RecordViewModel.swift */ = {isa = PBXFileReference; lastKnownFileType = sourcecode.swift; path = RecordViewModel.swift; sourceTree = "<group>"; };
		F50762EB24C01D0100676F9C /* Functions.swift */ = {isa = PBXFileReference; lastKnownFileType = sourcecode.swift; path = Functions.swift; sourceTree = "<group>"; };
		F508FB5F244EA96A001C5C24 /* Recordline.swift */ = {isa = PBXFileReference; lastKnownFileType = sourcecode.swift; path = Recordline.swift; sourceTree = "<group>"; };
		F508FB6324501144001C5C24 /* HistoryView.swift */ = {isa = PBXFileReference; lastKnownFileType = sourcecode.swift; path = HistoryView.swift; sourceTree = "<group>"; };
		F51C7A3523D4EB6300540B25 /* NameAndScore.swift */ = {isa = PBXFileReference; lastKnownFileType = sourcecode.swift; path = NameAndScore.swift; sourceTree = "<group>"; };
		F51EE72123F12D9D0030B17C /* Score1031.xcdatamodel */ = {isa = PBXFileReference; lastKnownFileType = wrapper.xcdatamodel; path = Score1031.xcdatamodel; sourceTree = "<group>"; };
		F53BDFCC236B44CC00C3E203 /* FireScoreboard.app */ = {isa = PBXFileReference; explicitFileType = wrapper.application; includeInIndex = 0; path = FireScoreboard.app; sourceTree = BUILT_PRODUCTS_DIR; };
		F53BDFCF236B44CC00C3E203 /* AppDelegate.swift */ = {isa = PBXFileReference; lastKnownFileType = sourcecode.swift; path = AppDelegate.swift; sourceTree = "<group>"; };
		F53BDFD1236B44CC00C3E203 /* SceneDelegate.swift */ = {isa = PBXFileReference; lastKnownFileType = sourcecode.swift; path = SceneDelegate.swift; sourceTree = "<group>"; };
		F53BDFD5236B44CF00C3E203 /* Assets.xcassets */ = {isa = PBXFileReference; lastKnownFileType = folder.assetcatalog; path = Assets.xcassets; sourceTree = "<group>"; };
		F53BDFD8236B44CF00C3E203 /* Preview Assets.xcassets */ = {isa = PBXFileReference; lastKnownFileType = folder.assetcatalog; path = "Preview Assets.xcassets"; sourceTree = "<group>"; };
		F53BDFDB236B44CF00C3E203 /* Base */ = {isa = PBXFileReference; lastKnownFileType = file.storyboard; name = Base; path = Base.lproj/LaunchScreen.storyboard; sourceTree = "<group>"; };
		F53BDFDD236B44CF00C3E203 /* Info.plist */ = {isa = PBXFileReference; lastKnownFileType = text.plist.xml; path = Info.plist; sourceTree = "<group>"; };
		F53BE01A2384482700C3E203 /* UserData.swift */ = {isa = PBXFileReference; lastKnownFileType = sourcecode.swift; path = UserData.swift; sourceTree = "<group>"; };
		F541995724EA3D6A00BF54EC /* NameEmojiRowView.swift */ = {isa = PBXFileReference; lastKnownFileType = sourcecode.swift; path = NameEmojiRowView.swift; sourceTree = "<group>"; };
		F5441EB524F701BB00F8DBDF /* Neumorphic.swift */ = {isa = PBXFileReference; lastKnownFileType = sourcecode.swift; path = Neumorphic.swift; sourceTree = "<group>"; };
		F5441EB724F7091900F8DBDF /* HistorySnapView.swift */ = {isa = PBXFileReference; lastKnownFileType = sourcecode.swift; path = HistorySnapView.swift; sourceTree = "<group>"; };
		F5441EB924F8726900F8DBDF /* RecordSnapViewModel.swift */ = {isa = PBXFileReference; lastKnownFileType = sourcecode.swift; path = RecordSnapViewModel.swift; sourceTree = "<group>"; };
		F5441EBB24F9047800F8DBDF /* KeyboardResponder.swift */ = {isa = PBXFileReference; lastKnownFileType = sourcecode.swift; path = KeyboardResponder.swift; sourceTree = "<group>"; };
		F5441EBD24FAFAB700F8DBDF /* AddNewPlayerView.swift */ = {isa = PBXFileReference; lastKnownFileType = sourcecode.swift; path = AddNewPlayerView.swift; sourceTree = "<group>"; };
		F55DABD524EBB9090078452F /* SplashView.swift */ = {isa = PBXFileReference; lastKnownFileType = sourcecode.swift; path = SplashView.swift; sourceTree = "<group>"; };
		F55DABD724EF3B9B0078452F /* TabBarView.swift */ = {isa = PBXFileReference; lastKnownFileType = sourcecode.swift; path = TabBarView.swift; sourceTree = "<group>"; };
		F55DABD924EFAF880078452F /* AppState.swift */ = {isa = PBXFileReference; lastKnownFileType = sourcecode.swift; path = AppState.swift; sourceTree = "<group>"; };
		F56E71912493505C007E8FF5 /* ContentView.swift */ = {isa = PBXFileReference; fileEncoding = 4; lastKnownFileType = sourcecode.swift; path = ContentView.swift; sourceTree = "<group>"; };
		F591294F2420368F0071E1D3 /* SelectViewModel.swift */ = {isa = PBXFileReference; lastKnownFileType = sourcecode.swift; path = SelectViewModel.swift; sourceTree = "<group>"; };
		F5BA924624E75A6900CA3519 /* EditModeView.swift */ = {isa = PBXFileReference; lastKnownFileType = sourcecode.swift; path = EditModeView.swift; sourceTree = "<group>"; };
		F5CD313F250DD30F00B67510 /* BetViewModel.swift */ = {isa = PBXFileReference; lastKnownFileType = sourcecode.swift; path = BetViewModel.swift; sourceTree = "<group>"; };
		F5CD3141250EB6B500B67510 /* BetAssignResultView.swift */ = {isa = PBXFileReference; lastKnownFileType = sourcecode.swift; path = BetAssignResultView.swift; sourceTree = "<group>"; };
		F5D7FC6A24D0E7F7006BFC4A /* APILoader.swift */ = {isa = PBXFileReference; lastKnownFileType = sourcecode.swift; path = APILoader.swift; sourceTree = "<group>"; };
		F5D7FC6E24D94087006BFC4A /* SigninWithAppleButton.swift */ = {isa = PBXFileReference; lastKnownFileType = sourcecode.swift; path = SigninWithAppleButton.swift; sourceTree = "<group>"; };
		F5D7FC7424D942A6006BFC4A /* SignInView.swift */ = {isa = PBXFileReference; lastKnownFileType = sourcecode.swift; path = SignInView.swift; sourceTree = "<group>"; };
		F5D7FC7924D9CEF4006BFC4A /* SigninWithAppleCoodinator.swift */ = {isa = PBXFileReference; lastKnownFileType = sourcecode.swift; path = SigninWithAppleCoodinator.swift; sourceTree = "<group>"; };
		F5D7FC7B24D9E721006BFC4A /* FireScoreboard.entitlements */ = {isa = PBXFileReference; lastKnownFileType = text.plist.entitlements; path = FireScoreboard.entitlements; sourceTree = "<group>"; };
		F5F02577244427A20038A4FB /* GoogleService-Info.plist */ = {isa = PBXFileReference; fileEncoding = 4; lastKnownFileType = text.plist.xml; path = "GoogleService-Info.plist"; sourceTree = "<group>"; };
/* End PBXFileReference section */

/* Begin PBXFrameworksBuildPhase section */
		F53BDFC9236B44CC00C3E203 /* Frameworks */ = {
			isa = PBXFrameworksBuildPhase;
			buildActionMask = 2147483647;
			files = (
				5AAF387E8849555F0BBB8006 /* Pods_Score1031.framework in Frameworks */,
			);
			runOnlyForDeploymentPostprocessing = 0;
		};
/* End PBXFrameworksBuildPhase section */

/* Begin PBXGroup section */
		2530B1FA40EA97F3FDD4A6B2 /* Pods */ = {
			isa = PBXGroup;
			children = (
				20FA246B4855C4B139F8EDF9 /* Pods-Score1031.debug.xcconfig */,
				0C286CC72021282DB2177955 /* Pods-Score1031.release.xcconfig */,
			);
			path = Pods;
			sourceTree = "<group>";
		};
		8C1AD8E4C5ADBF034705611A /* Frameworks */ = {
			isa = PBXGroup;
			children = (
				01D18C8DA08D01B06A0E91E2 /* Pods_Score1031.framework */,
			);
			name = Frameworks;
			sourceTree = "<group>";
		};
		F508FB6524501FC1001C5C24 /* Repositories */ = {
			isa = PBXGroup;
			children = (
				F5D7FC6A24D0E7F7006BFC4A /* APILoader.swift */,
				F500DA6A25075F60003E60F3 /* BetLoader.swift */,
			);
			path = Repositories;
			sourceTree = "<group>";
		};
		F51C7A3023C78AED00540B25 /* Models */ = {
			isa = PBXGroup;
			children = (
				F53BE01A2384482700C3E203 /* UserData.swift */,
				F51C7A3523D4EB6300540B25 /* NameAndScore.swift */,
				F508FB5F244EA96A001C5C24 /* Recordline.swift */,
				F50762EB24C01D0100676F9C /* Functions.swift */,
				F55DABD924EFAF880078452F /* AppState.swift */,
				F5441EB524F701BB00F8DBDF /* Neumorphic.swift */,
				F500DA6825074C3F003E60F3 /* BetRecord.swift */,
			);
			path = Models;
			sourceTree = "<group>";
		};
		F51C7A3B23D5715A00540B25 /* Views */ = {
			isa = PBXGroup;
			children = (
				F55DABD724EF3B9B0078452F /* TabBarView.swift */,
				F56E71912493505C007E8FF5 /* ContentView.swift */,
				F5BA924624E75A6900CA3519 /* EditModeView.swift */,
				F541995724EA3D6A00BF54EC /* NameEmojiRowView.swift */,
				F508FB6324501144001C5C24 /* HistoryView.swift */,
				F5441EBD24FAFAB700F8DBDF /* AddNewPlayerView.swift */,
				F50762E324B438AD00676F9C /* ChangePlayersView.swift */,
				F5CD313F250DD30F00B67510 /* BetViewModel.swift */,
				F591294F2420368F0071E1D3 /* SelectViewModel.swift */,
				F50762E524BC244600676F9C /* RecordViewModel.swift */,
				F5441EB924F8726900F8DBDF /* RecordSnapViewModel.swift */,
				F5D7FC6E24D94087006BFC4A /* SigninWithAppleButton.swift */,
				F5D7FC7424D942A6006BFC4A /* SignInView.swift */,
				F55DABD524EBB9090078452F /* SplashView.swift */,
				F5441EB724F7091900F8DBDF /* HistorySnapView.swift */,
				F5441EBB24F9047800F8DBDF /* KeyboardResponder.swift */,
				F500DA66250732BA003E60F3 /* AddBetView.swift */,
				F500DA6C25089247003E60F3 /* BetsHomeView.swift */,
				F5CD3141250EB6B500B67510 /* BetAssignResultView.swift */,
			);
			path = Views;
			sourceTree = "<group>";
		};
		F51C7A3C23D96C3800540B25 /* Resource */ = {
			isa = PBXGroup;
			children = (
			);
			path = Resource;
			sourceTree = "<group>";
		};
		F51C7A4023D972BC00540B25 /* Data */ = {
			isa = PBXGroup;
			children = (
				F51EE72023F12D9D0030B17C /* Score1031.xcdatamodeld */,
			);
			path = Data;
			sourceTree = "<group>";
		};
		F53BDFC3236B44CC00C3E203 = {
			isa = PBXGroup;
			children = (
				F53BDFCE236B44CC00C3E203 /* Score1031 */,
				F53BDFCD236B44CC00C3E203 /* Products */,
				2530B1FA40EA97F3FDD4A6B2 /* Pods */,
				8C1AD8E4C5ADBF034705611A /* Frameworks */,
			);
			sourceTree = "<group>";
		};
		F53BDFCD236B44CC00C3E203 /* Products */ = {
			isa = PBXGroup;
			children = (
				F53BDFCC236B44CC00C3E203 /* FireScoreboard.app */,
			);
			name = Products;
			sourceTree = "<group>";
		};
		F53BDFCE236B44CC00C3E203 /* Score1031 */ = {
			isa = PBXGroup;
			children = (
				F5D7FC7B24D9E721006BFC4A /* FireScoreboard.entitlements */,
				F51C7A4023D972BC00540B25 /* Data */,
				F51C7A3C23D96C3800540B25 /* Resource */,
				F5D7FC7624D9CE07006BFC4A /* Services */,
				F508FB6524501FC1001C5C24 /* Repositories */,
				F53BDFCF236B44CC00C3E203 /* AppDelegate.swift */,
				F53BDFD1236B44CC00C3E203 /* SceneDelegate.swift */,
				F51C7A3B23D5715A00540B25 /* Views */,
				F51C7A3023C78AED00540B25 /* Models */,
				F53BDFD5236B44CF00C3E203 /* Assets.xcassets */,
				F53BDFDA236B44CF00C3E203 /* LaunchScreen.storyboard */,
				F53BDFDD236B44CF00C3E203 /* Info.plist */,
				F5F02577244427A20038A4FB /* GoogleService-Info.plist */,
				F53BDFD7236B44CF00C3E203 /* Preview Content */,
			);
			path = Score1031;
			sourceTree = "<group>";
		};
		F53BDFD7236B44CF00C3E203 /* Preview Content */ = {
			isa = PBXGroup;
			children = (
				F53BDFD8236B44CF00C3E203 /* Preview Assets.xcassets */,
			);
			path = "Preview Content";
			sourceTree = "<group>";
		};
		F5D7FC7624D9CE07006BFC4A /* Services */ = {
			isa = PBXGroup;
			children = (
				F5D7FC7924D9CEF4006BFC4A /* SigninWithAppleCoodinator.swift */,
			);
			path = Services;
			sourceTree = "<group>";
		};
/* End PBXGroup section */

/* Begin PBXNativeTarget section */
		F53BDFCB236B44CC00C3E203 /* Score1031 */ = {
			isa = PBXNativeTarget;
			buildConfigurationList = F53BDFE0236B44CF00C3E203 /* Build configuration list for PBXNativeTarget "Score1031" */;
			buildPhases = (
				D094A83385D800047DA40917 /* [CP] Check Pods Manifest.lock */,
				F53BDFC8236B44CC00C3E203 /* Sources */,
				F53BDFC9236B44CC00C3E203 /* Frameworks */,
				F53BDFCA236B44CC00C3E203 /* Resources */,
				6FCDE50AEAB3774C301BDC67 /* [CP] Embed Pods Frameworks */,
			);
			buildRules = (
			);
			dependencies = (
			);
			name = Score1031;
			productName = Score1031;
			productReference = F53BDFCC236B44CC00C3E203 /* FireScoreboard.app */;
			productType = "com.apple.product-type.application";
		};
/* End PBXNativeTarget section */

/* Begin PBXProject section */
		F53BDFC4236B44CC00C3E203 /* Project object */ = {
			isa = PBXProject;
			attributes = {
				LastSwiftUpdateCheck = 1110;
				LastUpgradeCheck = 1110;
				ORGANIZATIONNAME = HULUCave;
				TargetAttributes = {
					F53BDFCB236B44CC00C3E203 = {
						CreatedOnToolsVersion = 11.1;
					};
				};
			};
			buildConfigurationList = F53BDFC7236B44CC00C3E203 /* Build configuration list for PBXProject "Score1031" */;
			compatibilityVersion = "Xcode 9.3";
			developmentRegion = en;
			hasScannedForEncodings = 0;
			knownRegions = (
				en,
				Base,
			);
			mainGroup = F53BDFC3236B44CC00C3E203;
			productRefGroup = F53BDFCD236B44CC00C3E203 /* Products */;
			projectDirPath = "";
			projectRoot = "";
			targets = (
				F53BDFCB236B44CC00C3E203 /* Score1031 */,
			);
		};
/* End PBXProject section */

/* Begin PBXResourcesBuildPhase section */
		F53BDFCA236B44CC00C3E203 /* Resources */ = {
			isa = PBXResourcesBuildPhase;
			buildActionMask = 2147483647;
			files = (
				F53BDFDC236B44CF00C3E203 /* LaunchScreen.storyboard in Resources */,
				F5F02578244427A20038A4FB /* GoogleService-Info.plist in Resources */,
				F53BDFD9236B44CF00C3E203 /* Preview Assets.xcassets in Resources */,
				F53BDFD6236B44CF00C3E203 /* Assets.xcassets in Resources */,
			);
			runOnlyForDeploymentPostprocessing = 0;
		};
/* End PBXResourcesBuildPhase section */

/* Begin PBXShellScriptBuildPhase section */
		6FCDE50AEAB3774C301BDC67 /* [CP] Embed Pods Frameworks */ = {
			isa = PBXShellScriptBuildPhase;
			buildActionMask = 2147483647;
			files = (
			);
			inputFileListPaths = (
				"${PODS_ROOT}/Target Support Files/Pods-Score1031/Pods-Score1031-frameworks-${CONFIGURATION}-input-files.xcfilelist",
			);
			name = "[CP] Embed Pods Frameworks";
			outputFileListPaths = (
				"${PODS_ROOT}/Target Support Files/Pods-Score1031/Pods-Score1031-frameworks-${CONFIGURATION}-output-files.xcfilelist",
			);
			runOnlyForDeploymentPostprocessing = 0;
			shellPath = /bin/sh;
			shellScript = "\"${PODS_ROOT}/Target Support Files/Pods-Score1031/Pods-Score1031-frameworks.sh\"\n";
			showEnvVarsInLog = 0;
		};
		D094A83385D800047DA40917 /* [CP] Check Pods Manifest.lock */ = {
			isa = PBXShellScriptBuildPhase;
			buildActionMask = 2147483647;
			files = (
			);
			inputFileListPaths = (
			);
			inputPaths = (
				"${PODS_PODFILE_DIR_PATH}/Podfile.lock",
				"${PODS_ROOT}/Manifest.lock",
			);
			name = "[CP] Check Pods Manifest.lock";
			outputFileListPaths = (
			);
			outputPaths = (
				"$(DERIVED_FILE_DIR)/Pods-Score1031-checkManifestLockResult.txt",
			);
			runOnlyForDeploymentPostprocessing = 0;
			shellPath = /bin/sh;
			shellScript = "diff \"${PODS_PODFILE_DIR_PATH}/Podfile.lock\" \"${PODS_ROOT}/Manifest.lock\" > /dev/null\nif [ $? != 0 ] ; then\n    # print error to STDERR\n    echo \"error: The sandbox is not in sync with the Podfile.lock. Run 'pod install' or update your CocoaPods installation.\" >&2\n    exit 1\nfi\n# This output is used by Xcode 'outputs' to avoid re-running this script phase.\necho \"SUCCESS\" > \"${SCRIPT_OUTPUT_FILE_0}\"\n";
			showEnvVarsInLog = 0;
		};
/* End PBXShellScriptBuildPhase section */

/* Begin PBXSourcesBuildPhase section */
		F53BDFC8236B44CC00C3E203 /* Sources */ = {
			isa = PBXSourcesBuildPhase;
			buildActionMask = 2147483647;
			files = (
				F5D7FC7524D942A6006BFC4A /* SignInView.swift in Sources */,
				F56E71922493505C007E8FF5 /* ContentView.swift in Sources */,
				F53BE01B2384482700C3E203 /* UserData.swift in Sources */,
				F55DABDA24EFAF880078452F /* AppState.swift in Sources */,
				F500DA6925074C3F003E60F3 /* BetRecord.swift in Sources */,
				F5441EBE24FAFAB700F8DBDF /* AddNewPlayerView.swift in Sources */,
				F500DA6B25075F60003E60F3 /* BetLoader.swift in Sources */,
				F5D7FC7A24D9CEF4006BFC4A /* SigninWithAppleCoodinator.swift in Sources */,
				F50762E624BC244600676F9C /* RecordViewModel.swift in Sources */,
				F5D7FC6F24D94087006BFC4A /* SigninWithAppleButton.swift in Sources */,
				F51EE72223F12D9D0030B17C /* Score1031.xcdatamodeld in Sources */,
				F53BDFD0236B44CC00C3E203 /* AppDelegate.swift in Sources */,
				F500DA6D25089247003E60F3 /* BetsHomeView.swift in Sources */,
				F59129502420368F0071E1D3 /* SelectViewModel.swift in Sources */,
				F5CD3142250EB6B500B67510 /* BetAssignResultView.swift in Sources */,
				F51C7A3623D4EB6300540B25 /* NameAndScore.swift in Sources */,
				F500DA67250732BA003E60F3 /* AddBetView.swift in Sources */,
				F508FB6424501144001C5C24 /* HistoryView.swift in Sources */,
				F5BA924724E75A6900CA3519 /* EditModeView.swift in Sources */,
				F541995824EA3D6A00BF54EC /* NameEmojiRowView.swift in Sources */,
				F5D7FC6B24D0E7F7006BFC4A /* APILoader.swift in Sources */,
				F5441EBC24F9047800F8DBDF /* KeyboardResponder.swift in Sources */,
				F5441EB824F7091900F8DBDF /* HistorySnapView.swift in Sources */,
				F5441EBA24F8726900F8DBDF /* RecordSnapViewModel.swift in Sources */,
				F50762EC24C01D0100676F9C /* Functions.swift in Sources */,
				F55DABD624EBB9090078452F /* SplashView.swift in Sources */,
				F50762E424B438AD00676F9C /* ChangePlayersView.swift in Sources */,
				F55DABD824EF3B9B0078452F /* TabBarView.swift in Sources */,
				F5441EB624F701BB00F8DBDF /* Neumorphic.swift in Sources */,
				F5CD3140250DD30F00B67510 /* BetViewModel.swift in Sources */,
				F53BDFD2236B44CC00C3E203 /* SceneDelegate.swift in Sources */,
				F508FB60244EA96A001C5C24 /* Recordline.swift in Sources */,
			);
			runOnlyForDeploymentPostprocessing = 0;
		};
/* End PBXSourcesBuildPhase section */

/* Begin PBXVariantGroup section */
		F53BDFDA236B44CF00C3E203 /* LaunchScreen.storyboard */ = {
			isa = PBXVariantGroup;
			children = (
				F53BDFDB236B44CF00C3E203 /* Base */,
			);
			name = LaunchScreen.storyboard;
			sourceTree = "<group>";
		};
/* End PBXVariantGroup section */

/* Begin XCBuildConfiguration section */
		F53BDFDE236B44CF00C3E203 /* Debug */ = {
			isa = XCBuildConfiguration;
			buildSettings = {
				ALWAYS_SEARCH_USER_PATHS = NO;
				CLANG_ANALYZER_NONNULL = YES;
				CLANG_ANALYZER_NUMBER_OBJECT_CONVERSION = YES_AGGRESSIVE;
				CLANG_CXX_LANGUAGE_STANDARD = "gnu++14";
				CLANG_CXX_LIBRARY = "libc++";
				CLANG_ENABLE_MODULES = YES;
				CLANG_ENABLE_OBJC_ARC = YES;
				CLANG_ENABLE_OBJC_WEAK = YES;
				CLANG_WARN_BLOCK_CAPTURE_AUTORELEASING = YES;
				CLANG_WARN_BOOL_CONVERSION = YES;
				CLANG_WARN_COMMA = YES;
				CLANG_WARN_CONSTANT_CONVERSION = YES;
				CLANG_WARN_DEPRECATED_OBJC_IMPLEMENTATIONS = YES;
				CLANG_WARN_DIRECT_OBJC_ISA_USAGE = YES_ERROR;
				CLANG_WARN_DOCUMENTATION_COMMENTS = YES;
				CLANG_WARN_EMPTY_BODY = YES;
				CLANG_WARN_ENUM_CONVERSION = YES;
				CLANG_WARN_INFINITE_RECURSION = YES;
				CLANG_WARN_INT_CONVERSION = YES;
				CLANG_WARN_NON_LITERAL_NULL_CONVERSION = YES;
				CLANG_WARN_OBJC_IMPLICIT_RETAIN_SELF = YES;
				CLANG_WARN_OBJC_LITERAL_CONVERSION = YES;
				CLANG_WARN_OBJC_ROOT_CLASS = YES_ERROR;
				CLANG_WARN_RANGE_LOOP_ANALYSIS = YES;
				CLANG_WARN_STRICT_PROTOTYPES = YES;
				CLANG_WARN_SUSPICIOUS_MOVE = YES;
				CLANG_WARN_UNGUARDED_AVAILABILITY = YES_AGGRESSIVE;
				CLANG_WARN_UNREACHABLE_CODE = YES;
				CLANG_WARN__DUPLICATE_METHOD_MATCH = YES;
				COPY_PHASE_STRIP = NO;
				DEBUG_INFORMATION_FORMAT = dwarf;
				ENABLE_STRICT_OBJC_MSGSEND = YES;
				ENABLE_TESTABILITY = YES;
				GCC_C_LANGUAGE_STANDARD = gnu11;
				GCC_DYNAMIC_NO_PIC = NO;
				GCC_NO_COMMON_BLOCKS = YES;
				GCC_OPTIMIZATION_LEVEL = 0;
				GCC_PREPROCESSOR_DEFINITIONS = (
					"DEBUG=1",
					"$(inherited)",
				);
				GCC_WARN_64_TO_32_BIT_CONVERSION = YES;
				GCC_WARN_ABOUT_RETURN_TYPE = YES_ERROR;
				GCC_WARN_UNDECLARED_SELECTOR = YES;
				GCC_WARN_UNINITIALIZED_AUTOS = YES_AGGRESSIVE;
				GCC_WARN_UNUSED_FUNCTION = YES;
				GCC_WARN_UNUSED_VARIABLE = YES;
				IPHONEOS_DEPLOYMENT_TARGET = 13.0;
				MTL_ENABLE_DEBUG_INFO = INCLUDE_SOURCE;
				MTL_FAST_MATH = YES;
				ONLY_ACTIVE_ARCH = YES;
				SDKROOT = iphoneos;
				SWIFT_ACTIVE_COMPILATION_CONDITIONS = DEBUG;
				SWIFT_OPTIMIZATION_LEVEL = "-Onone";
			};
			name = Debug;
		};
		F53BDFDF236B44CF00C3E203 /* Release */ = {
			isa = XCBuildConfiguration;
			buildSettings = {
				ALWAYS_SEARCH_USER_PATHS = NO;
				CLANG_ANALYZER_NONNULL = YES;
				CLANG_ANALYZER_NUMBER_OBJECT_CONVERSION = YES_AGGRESSIVE;
				CLANG_CXX_LANGUAGE_STANDARD = "gnu++14";
				CLANG_CXX_LIBRARY = "libc++";
				CLANG_ENABLE_MODULES = YES;
				CLANG_ENABLE_OBJC_ARC = YES;
				CLANG_ENABLE_OBJC_WEAK = YES;
				CLANG_WARN_BLOCK_CAPTURE_AUTORELEASING = YES;
				CLANG_WARN_BOOL_CONVERSION = YES;
				CLANG_WARN_COMMA = YES;
				CLANG_WARN_CONSTANT_CONVERSION = YES;
				CLANG_WARN_DEPRECATED_OBJC_IMPLEMENTATIONS = YES;
				CLANG_WARN_DIRECT_OBJC_ISA_USAGE = YES_ERROR;
				CLANG_WARN_DOCUMENTATION_COMMENTS = YES;
				CLANG_WARN_EMPTY_BODY = YES;
				CLANG_WARN_ENUM_CONVERSION = YES;
				CLANG_WARN_INFINITE_RECURSION = YES;
				CLANG_WARN_INT_CONVERSION = YES;
				CLANG_WARN_NON_LITERAL_NULL_CONVERSION = YES;
				CLANG_WARN_OBJC_IMPLICIT_RETAIN_SELF = YES;
				CLANG_WARN_OBJC_LITERAL_CONVERSION = YES;
				CLANG_WARN_OBJC_ROOT_CLASS = YES_ERROR;
				CLANG_WARN_RANGE_LOOP_ANALYSIS = YES;
				CLANG_WARN_STRICT_PROTOTYPES = YES;
				CLANG_WARN_SUSPICIOUS_MOVE = YES;
				CLANG_WARN_UNGUARDED_AVAILABILITY = YES_AGGRESSIVE;
				CLANG_WARN_UNREACHABLE_CODE = YES;
				CLANG_WARN__DUPLICATE_METHOD_MATCH = YES;
				COPY_PHASE_STRIP = NO;
				DEBUG_INFORMATION_FORMAT = "dwarf-with-dsym";
				ENABLE_NS_ASSERTIONS = NO;
				ENABLE_STRICT_OBJC_MSGSEND = YES;
				GCC_C_LANGUAGE_STANDARD = gnu11;
				GCC_NO_COMMON_BLOCKS = YES;
				GCC_WARN_64_TO_32_BIT_CONVERSION = YES;
				GCC_WARN_ABOUT_RETURN_TYPE = YES_ERROR;
				GCC_WARN_UNDECLARED_SELECTOR = YES;
				GCC_WARN_UNINITIALIZED_AUTOS = YES_AGGRESSIVE;
				GCC_WARN_UNUSED_FUNCTION = YES;
				GCC_WARN_UNUSED_VARIABLE = YES;
				IPHONEOS_DEPLOYMENT_TARGET = 13.0;
				MTL_ENABLE_DEBUG_INFO = NO;
				MTL_FAST_MATH = YES;
				SDKROOT = iphoneos;
				SWIFT_COMPILATION_MODE = wholemodule;
				SWIFT_OPTIMIZATION_LEVEL = "-O";
				VALIDATE_PRODUCT = YES;
			};
			name = Release;
		};
		F53BDFE1236B44CF00C3E203 /* Debug */ = {
			isa = XCBuildConfiguration;
			baseConfigurationReference = 20FA246B4855C4B139F8EDF9 /* Pods-Score1031.debug.xcconfig */;
			buildSettings = {
				ASSETCATALOG_COMPILER_APPICON_NAME = AppIcon;
				CODE_SIGN_ENTITLEMENTS = Score1031/FireScoreboard.entitlements;
				CODE_SIGN_IDENTITY = "Apple Development";
				CODE_SIGN_STYLE = Automatic;
				DEVELOPMENT_ASSET_PATHS = "\"Score1031/Preview Content\"";
				DEVELOPMENT_TEAM = L549FR6GP4;
				ENABLE_PREVIEWS = YES;
				INFOPLIST_FILE = Score1031/Info.plist;
				IPHONEOS_DEPLOYMENT_TARGET = 13.2;
				LD_RUNPATH_SEARCH_PATHS = (
					"$(inherited)",
					"@executable_path/Frameworks",
				);
				PRODUCT_BUNDLE_IDENTIFIER = com.hulu.Score0821;
				PRODUCT_NAME = FireScoreboard;
				PROVISIONING_PROFILE_SPECIFIER = "";
				SWIFT_VERSION = 5.0;
				TARGETED_DEVICE_FAMILY = "1,2";
			};
			name = Debug;
		};
		F53BDFE2236B44CF00C3E203 /* Release */ = {
			isa = XCBuildConfiguration;
			baseConfigurationReference = 0C286CC72021282DB2177955 /* Pods-Score1031.release.xcconfig */;
			buildSettings = {
				ASSETCATALOG_COMPILER_APPICON_NAME = AppIcon;
				CODE_SIGN_ENTITLEMENTS = Score1031/FireScoreboard.entitlements;
				CODE_SIGN_IDENTITY = "Apple Development";
				CODE_SIGN_STYLE = Automatic;
				DEVELOPMENT_ASSET_PATHS = "\"Score1031/Preview Content\"";
				DEVELOPMENT_TEAM = L549FR6GP4;
				ENABLE_PREVIEWS = YES;
				INFOPLIST_FILE = Score1031/Info.plist;
				IPHONEOS_DEPLOYMENT_TARGET = 13.2;
				LD_RUNPATH_SEARCH_PATHS = (
					"$(inherited)",
					"@executable_path/Frameworks",
				);
				PRODUCT_BUNDLE_IDENTIFIER = com.hulu.Score0821;
				PRODUCT_NAME = FireScoreboard;
				PROVISIONING_PROFILE_SPECIFIER = "";
				SWIFT_VERSION = 5.0;
				TARGETED_DEVICE_FAMILY = "1,2";
			};
			name = Release;
		};
/* End XCBuildConfiguration section */

/* Begin XCConfigurationList section */
		F53BDFC7236B44CC00C3E203 /* Build configuration list for PBXProject "Score1031" */ = {
			isa = XCConfigurationList;
			buildConfigurations = (
				F53BDFDE236B44CF00C3E203 /* Debug */,
				F53BDFDF236B44CF00C3E203 /* Release */,
			);
			defaultConfigurationIsVisible = 0;
			defaultConfigurationName = Release;
		};
		F53BDFE0236B44CF00C3E203 /* Build configuration list for PBXNativeTarget "Score1031" */ = {
			isa = XCConfigurationList;
			buildConfigurations = (
				F53BDFE1236B44CF00C3E203 /* Debug */,
				F53BDFE2236B44CF00C3E203 /* Release */,
			);
			defaultConfigurationIsVisible = 0;
			defaultConfigurationName = Release;
		};
/* End XCConfigurationList section */

/* Begin XCVersionGroup section */
		F51EE72023F12D9D0030B17C /* Score1031.xcdatamodeld */ = {
			isa = XCVersionGroup;
			children = (
				F51EE72123F12D9D0030B17C /* Score1031.xcdatamodel */,
			);
			currentVersion = F51EE72123F12D9D0030B17C /* Score1031.xcdatamodel */;
			path = Score1031.xcdatamodeld;
			sourceTree = "<group>";
			versionGroupType = wrapper.xcdatamodel;
		};
/* End XCVersionGroup section */
	};
	rootObject = F53BDFC4236B44CC00C3E203 /* Project object */;
}
